
Microsoft Visual Studio Solution File, Format Version 10.00
# Visual C++ Express 2008
Project("{8BC9CEB8-8B4A-11D0-8D11-00A0C91BC942}") = "Assignment09", "Assignment09\Assignment09.vcproj", "{A13FA154-36F3-41E8-8659-33D101CD27EA}"
EndProject
Global
	GlobalSection(SolutionConfigurationPlatforms) = preSolution
		Debug|Win32 = Debug|Win32
		Release|Win32 = Release|Win32
	EndGlobalSection
	GlobalSection(ProjectConfigurationPlatforms) = postSolution
		{A13FA154-36F3-41E8-8659-33D101CD27EA}.Debug|Win32.ActiveCfg = Debug|Win32
		{A13FA154-36F3-41E8-8659-33D101CD27EA}.Debug|Win32.Build.0 = Debug|Win32
		{A13FA154-36F3-41E8-8659-33D101CD27EA}.Release|Win32.ActiveCfg = Release|Win32
		{A13FA154-36F3-41E8-8659-33D101CD27EA}.Release|Win32.Build.0 = Release|Win32
	EndGlobalSection
	GlobalSection(SolutionProperties) = preSolution
		HideSolutionNode = FALSE
	EndGlobalSection
EndGlobal
